
Microsoft Visual Studio Solution File, Format Version 12.00
# Visual Studio Version 17
VisualStudioVersion = 17.2.32616.157
MinimumVisualStudioVersion = 10.0.40219.1
Project("{9A19103F-16F7-4668-BE54-9A1E7A4F7556}") = "ReferralRockIntegration.Web", "ReferralRockIntegration.Web\ReferralRockIntegration.Web.csproj", "{69911B6E-2193-4360-84F9-9C65013E25E7}"
EndProject
Project("{9A19103F-16F7-4668-BE54-9A1E7A4F7556}") = "ReferralRockIntegration.ApiWrapper", "ReferralRockIntegration.ApiWrapper\ReferralRockIntegration.ApiWrapper.csproj", "{666C28E9-B878-42F2-8634-7485A92FC44C}"
EndProject
Project("{9A19103F-16F7-4668-BE54-9A1E7A4F7556}") = "ReferralRockIntegration.Service", "ReferralRockIntegration.Service\ReferralRockIntegration.Service.csproj", "{DCE7D58F-3FF0-47A0-A0CF-A84BBEBAA98D}"
EndProject
Project("{2150E333-8FDC-42A3-9474-1A3956D46DE8}") = "Solution Items", "Solution Items", "{6476A458-1F72-4472-B1E7-57829E6B29DA}"
	ProjectSection(SolutionItems) = preProject
		.editorconfig = .editorconfig
	EndProjectSection
EndProject
Project("{2150E333-8FDC-42A3-9474-1A3956D46DE8}") = "Tests", "Tests", "{10AA324C-C4B5-4C5B-ACFD-D4BD8D91A21D}"
EndProject
Project("{9A19103F-16F7-4668-BE54-9A1E7A4F7556}") = "ReferralRockIntegration.Web.Tests", "Tests\ReferralRockIntegration.Web.Tests\ReferralRockIntegration.Web.Tests.csproj", "{2AE7F25E-FB21-404F-9467-96BBAE71FB8A}"
EndProject
Project("{9A19103F-16F7-4668-BE54-9A1E7A4F7556}") = "ReferralRockIntegration.Web.IntegrationTests", "Tests\ReferralRockIntegration.Web.IntegrationTests\ReferralRockIntegration.Web.IntegrationTests.csproj", "{302F895B-04F2-4371-B8E6-8A1C90FDC5A5}"
EndProject
Project("{FAE04EC0-301F-11D3-BF4B-00C04F79EFBC}") = "ReferralRockIntegration.Service.Tests", "Tests\ReferralRockIntegration.Service.Tests\ReferralRockIntegration.Service.Tests.csproj", "{E7A0C303-5A0C-4EEA-A48A-0D51FDEAEBF8}"
EndProject
Project("{FAE04EC0-301F-11D3-BF4B-00C04F79EFBC}") = "ReferralRockIntegration.ApiWrapper.Tests", "Tests\ReferralRockIntegration.ApiWrapper.Tests\ReferralRockIntegration.ApiWrapper.Tests.csproj", "{ABCC6F3E-B31A-4C65-8F5C-AD8952871137}"
EndProject
Global
	GlobalSection(SolutionConfigurationPlatforms) = preSolution
		Debug|Any CPU = Debug|Any CPU
		Release|Any CPU = Release|Any CPU
	EndGlobalSection
	GlobalSection(ProjectConfigurationPlatforms) = postSolution
		{69911B6E-2193-4360-84F9-9C65013E25E7}.Debug|Any CPU.ActiveCfg = Debug|Any CPU
		{69911B6E-2193-4360-84F9-9C65013E25E7}.Debug|Any CPU.Build.0 = Debug|Any CPU
		{69911B6E-2193-4360-84F9-9C65013E25E7}.Release|Any CPU.ActiveCfg = Release|Any CPU
		{69911B6E-2193-4360-84F9-9C65013E25E7}.Release|Any CPU.Build.0 = Release|Any CPU
		{666C28E9-B878-42F2-8634-7485A92FC44C}.Debug|Any CPU.ActiveCfg = Debug|Any CPU
		{666C28E9-B878-42F2-8634-7485A92FC44C}.Debug|Any CPU.Build.0 = Debug|Any CPU
		{666C28E9-B878-42F2-8634-7485A92FC44C}.Release|Any CPU.ActiveCfg = Release|Any CPU
		{666C28E9-B878-42F2-8634-7485A92FC44C}.Release|Any CPU.Build.0 = Release|Any CPU
		{DCE7D58F-3FF0-47A0-A0CF-A84BBEBAA98D}.Debug|Any CPU.ActiveCfg = Debug|Any CPU
		{DCE7D58F-3FF0-47A0-A0CF-A84BBEBAA98D}.Debug|Any CPU.Build.0 = Debug|Any CPU
		{DCE7D58F-3FF0-47A0-A0CF-A84BBEBAA98D}.Release|Any CPU.ActiveCfg = Release|Any CPU
		{DCE7D58F-3FF0-47A0-A0CF-A84BBEBAA98D}.Release|Any CPU.Build.0 = Release|Any CPU
		{2AE7F25E-FB21-404F-9467-96BBAE71FB8A}.Debug|Any CPU.ActiveCfg = Debug|Any CPU
		{2AE7F25E-FB21-404F-9467-96BBAE71FB8A}.Debug|Any CPU.Build.0 = Debug|Any CPU
		{2AE7F25E-FB21-404F-9467-96BBAE71FB8A}.Release|Any CPU.ActiveCfg = Release|Any CPU
		{2AE7F25E-FB21-404F-9467-96BBAE71FB8A}.Release|Any CPU.Build.0 = Release|Any CPU
		{302F895B-04F2-4371-B8E6-8A1C90FDC5A5}.Debug|Any CPU.ActiveCfg = Debug|Any CPU
		{302F895B-04F2-4371-B8E6-8A1C90FDC5A5}.Debug|Any CPU.Build.0 = Debug|Any CPU
		{302F895B-04F2-4371-B8E6-8A1C90FDC5A5}.Release|Any CPU.ActiveCfg = Release|Any CPU
		{302F895B-04F2-4371-B8E6-8A1C90FDC5A5}.Release|Any CPU.Build.0 = Release|Any CPU
		{E7A0C303-5A0C-4EEA-A48A-0D51FDEAEBF8}.Debug|Any CPU.ActiveCfg = Debug|Any CPU
		{E7A0C303-5A0C-4EEA-A48A-0D51FDEAEBF8}.Debug|Any CPU.Build.0 = Debug|Any CPU
		{E7A0C303-5A0C-4EEA-A48A-0D51FDEAEBF8}.Release|Any CPU.ActiveCfg = Release|Any CPU
		{E7A0C303-5A0C-4EEA-A48A-0D51FDEAEBF8}.Release|Any CPU.Build.0 = Release|Any CPU
		{ABCC6F3E-B31A-4C65-8F5C-AD8952871137}.Debug|Any CPU.ActiveCfg = Debug|Any CPU
		{ABCC6F3E-B31A-4C65-8F5C-AD8952871137}.Debug|Any CPU.Build.0 = Debug|Any CPU
		{ABCC6F3E-B31A-4C65-8F5C-AD8952871137}.Release|Any CPU.ActiveCfg = Release|Any CPU
		{ABCC6F3E-B31A-4C65-8F5C-AD8952871137}.Release|Any CPU.Build.0 = Release|Any CPU
	EndGlobalSection
	GlobalSection(SolutionProperties) = preSolution
		HideSolutionNode = FALSE
	EndGlobalSection
	GlobalSection(NestedProjects) = preSolution
		{2AE7F25E-FB21-404F-9467-96BBAE71FB8A} = {10AA324C-C4B5-4C5B-ACFD-D4BD8D91A21D}
		{302F895B-04F2-4371-B8E6-8A1C90FDC5A5} = {10AA324C-C4B5-4C5B-ACFD-D4BD8D91A21D}
		{E7A0C303-5A0C-4EEA-A48A-0D51FDEAEBF8} = {10AA324C-C4B5-4C5B-ACFD-D4BD8D91A21D}
		{ABCC6F3E-B31A-4C65-8F5C-AD8952871137} = {10AA324C-C4B5-4C5B-ACFD-D4BD8D91A21D}
	EndGlobalSection
	GlobalSection(ExtensibilityGlobals) = postSolution
		SolutionGuid = {57A3C897-BE0E-4CBE-965E-BD9208E4E29D}
	EndGlobalSection
EndGlobal
